// !$*UTF8*$!
{
	archiveVersion = 1;
	classes = {
	};
	objectVersion = 46;
	objects = {

/* Begin PBXBuildFile section */
		AF5E248D1893F9D0001AB7B2 /* Foundation.framework in Frameworks */ = {isa = PBXBuildFile; fileRef = AF5E248C1893F9D0001AB7B2 /* Foundation.framework */; };
		AF5E248F1893F9D0001AB7B2 /* UIKit.framework in Frameworks */ = {isa = PBXBuildFile; fileRef = AF5E248E1893F9D0001AB7B2 /* UIKit.framework */; };
		AF5E24981893F9D0001AB7B2 /* QueueyOne.m in Sources */ = {isa = PBXBuildFile; fileRef = AF5E24971893F9D0001AB7B2 /* QueueyOne.m */; };
		AF5E24A91893F9F2001AB7B2 /* libactivator.dylib in Frameworks */ = {isa = PBXBuildFile; fileRef = AF5E24A81893F9F2001AB7B2 /* libactivator.dylib */; };
/* End PBXBuildFile section */

/* Begin PBXFileReference section */
		AF5E24891893F9D0001AB7B2 /* QueueyOne.dylib */ = {isa = PBXFileReference; explicitFileType = "compiled.mach-o.dylib"; includeInIndex = 0; path = QueueyOne.dylib; sourceTree = BUILT_PRODUCTS_DIR; };
		AF5E248C1893F9D0001AB7B2 /* Foundation.framework */ = {isa = PBXFileReference; lastKnownFileType = wrapper.framework; name = Foundation.framework; path = System/Library/Frameworks/Foundation.framework; sourceTree = SDKROOT; };
		AF5E248E1893F9D0001AB7B2 /* UIKit.framework */ = {isa = PBXFileReference; lastKnownFileType = wrapper.framework; name = UIKit.framework; path = System/Library/Frameworks/UIKit.framework; sourceTree = SDKROOT; };
		AF5E24931893F9D0001AB7B2 /* control.txt */ = {isa = PBXFileReference; lastKnownFileType = text; name = control.txt; path = Package/DEBIAN/control.txt; sourceTree = "<group>"; };
		AF5E24941893F9D0001AB7B2 /* control */ = {isa = PBXFileReference; lastKnownFileType = text; name = control; path = Package/DEBIAN/control; sourceTree = "<group>"; };
		AF5E24961893F9D0001AB7B2 /* PackageVersion.plist */ = {isa = PBXFileReference; lastKnownFileType = text.plist.xml; path = PackageVersion.plist; sourceTree = "<group>"; };
		AF5E24971893F9D0001AB7B2 /* QueueyOne.m */ = {isa = PBXFileReference; lastKnownFileType = sourcecode.c.objc; path = QueueyOne.m; sourceTree = "<group>"; };
		AF5E249C1893F9D0001AB7B2 /* QueueyOne.plist */ = {isa = PBXFileReference; lastKnownFileType = text.plist.xml; name = QueueyOne.plist; path = Package/Library/MobileSubstrate/DynamicLibraries/QueueyOne.plist; sourceTree = "<group>"; };
		AF5E24A01893F9D0001AB7B2 /* Info.plist */ = {isa = PBXFileReference; lastKnownFileType = text.plist.xml; name = Info.plist; path = Package/Library/Activator/Listeners/com.ejdev.QueueyOne/Info.plist; sourceTree = "<group>"; };
		AF5E24A11893F9D1001AB7B2 /* Icon-small.png */ = {isa = PBXFileReference; lastKnownFileType = image.png; name = "Icon-small.png"; path = "Package/Library/Activator/Listeners/com.ejdev.QueueyOne/Icon-small.png"; sourceTree = "<group>"; };
		AF5E24A21893F9D1001AB7B2 /* Icon-small@2x.png */ = {isa = PBXFileReference; lastKnownFileType = image.png; name = "Icon-small@2x.png"; path = "Package/Library/Activator/Listeners/com.ejdev.QueueyOne/Icon-small@2x.png"; sourceTree = "<group>"; };
		AF5E24A81893F9F2001AB7B2 /* libactivator.dylib */ = {isa = PBXFileReference; lastKnownFileType = "compiled.mach-o.dylib"; name = libactivator.dylib; path = ../../../../opt/iOSOpenDev/lib/libactivator.dylib; sourceTree = "<group>"; };
/* End PBXFileReference section */

/* Begin PBXFrameworksBuildPhase section */
		AF5E24851893F9D0001AB7B2 /* Frameworks */ = {
			isa = PBXFrameworksBuildPhase;
			buildActionMask = 2147483647;
			files = (
				AF5E24A91893F9F2001AB7B2 /* libactivator.dylib in Frameworks */,
				AF5E248D1893F9D0001AB7B2 /* Foundation.framework in Frameworks */,
				AF5E248F1893F9D0001AB7B2 /* UIKit.framework in Frameworks */,
			);
			runOnlyForDeploymentPostprocessing = 0;
		};
/* End PBXFrameworksBuildPhase section */

/* Begin PBXGroup section */
		AF5E247F1893F9D0001AB7B2 = {
			isa = PBXGroup;
			children = (
				AF5E24901893F9D0001AB7B2 /* QueueyOne */,
				AF5E248B1893F9D0001AB7B2 /* Frameworks */,
				AF5E248A1893F9D0001AB7B2 /* Products */,
			);
			sourceTree = "<group>";
		};
		AF5E248A1893F9D0001AB7B2 /* Products */ = {
			isa = PBXGroup;
			children = (
				AF5E24891893F9D0001AB7B2 /* QueueyOne.dylib */,
			);
			name = Products;
			sourceTree = "<group>";
		};
		AF5E248B1893F9D0001AB7B2 /* Frameworks */ = {
			isa = PBXGroup;
			children = (
				AF5E24A81893F9F2001AB7B2 /* libactivator.dylib */,
				AF5E248C1893F9D0001AB7B2 /* Foundation.framework */,
				AF5E248E1893F9D0001AB7B2 /* UIKit.framework */,
			);
			name = Frameworks;
			sourceTree = "<group>";
		};
		AF5E24901893F9D0001AB7B2 /* QueueyOne */ = {
			isa = PBXGroup;
			children = (
				AF5E24971893F9D0001AB7B2 /* QueueyOne.m */,
				AF5E24911893F9D0001AB7B2 /* Package */,
				AF5E24951893F9D0001AB7B2 /* Supporting Files */,
			);
			path = QueueyOne;
			sourceTree = "<group>";
		};
		AF5E24911893F9D0001AB7B2 /* Package */ = {
			isa = PBXGroup;
			children = (
				AF5E24921893F9D0001AB7B2 /* DEBIAN */,
				AF5E24991893F9D0001AB7B2 /* Library */,
			);
			name = Package;
			sourceTree = "<group>";
		};
		AF5E24921893F9D0001AB7B2 /* DEBIAN */ = {
			isa = PBXGroup;
			children = (
				AF5E24931893F9D0001AB7B2 /* control.txt */,
				AF5E24941893F9D0001AB7B2 /* control */,
			);
			name = DEBIAN;
			sourceTree = "<group>";
		};
		AF5E24951893F9D0001AB7B2 /* Supporting Files */ = {
			isa = PBXGroup;
			children = (
				AF5E24961893F9D0001AB7B2 /* PackageVersion.plist */,
			);
			name = "Supporting Files";
			sourceTree = "<group>";
		};
		AF5E24991893F9D0001AB7B2 /* Library */ = {
			isa = PBXGroup;
			children = (
				AF5E249A1893F9D0001AB7B2 /* MobileSubstrate */,
				AF5E249D1893F9D0001AB7B2 /* Activator */,
			);
			name = Library;
			sourceTree = "<group>";
		};
		AF5E249A1893F9D0001AB7B2 /* MobileSubstrate */ = {
			isa = PBXGroup;
			children = (
				AF5E249B1893F9D0001AB7B2 /* DynamicLibraries */,
			);
			name = MobileSubstrate;
			sourceTree = "<group>";
		};
		AF5E249B1893F9D0001AB7B2 /* DynamicLibraries */ = {
			isa = PBXGroup;
			children = (
				AF5E249C1893F9D0001AB7B2 /* QueueyOne.plist */,
			);
			name = DynamicLibraries;
			sourceTree = "<group>";
		};
		AF5E249D1893F9D0001AB7B2 /* Activator */ = {
			isa = PBXGroup;
			children = (
				AF5E249E1893F9D0001AB7B2 /* Listeners */,
			);
			name = Activator;
			sourceTree = "<group>";
		};
		AF5E249E1893F9D0001AB7B2 /* Listeners */ = {
			isa = PBXGroup;
			children = (
				AF5E249F1893F9D0001AB7B2 /* ___VARIABLE_bundleIdentifierPrefix:bundleIdentifier___.___VARIABLE_productName:RFC1034Identifier___ */,
			);
			name = Listeners;
			sourceTree = "<group>";
		};
		AF5E249F1893F9D0001AB7B2 /* ___VARIABLE_bundleIdentifierPrefix:bundleIdentifier___.___VARIABLE_productName:RFC1034Identifier___ */ = {
			isa = PBXGroup;
			children = (
				AF5E24A01893F9D0001AB7B2 /* Info.plist */,
				AF5E24A11893F9D1001AB7B2 /* Icon-small.png */,
				AF5E24A21893F9D1001AB7B2 /* Icon-small@2x.png */,
			);
			name = "___VARIABLE_bundleIdentifierPrefix:bundleIdentifier___.___VARIABLE_productName:RFC1034Identifier___";
			sourceTree = "<group>";
		};
/* End PBXGroup section */

/* Begin PBXHeadersBuildPhase section */
		AF5E24861893F9D0001AB7B2 /* Headers */ = {
			isa = PBXHeadersBuildPhase;
			buildActionMask = 2147483647;
			files = (
			);
			runOnlyForDeploymentPostprocessing = 0;
		};
/* End PBXHeadersBuildPhase section */

/* Begin PBXNativeTarget section */
		AF5E24881893F9D0001AB7B2 /* QueueyOne */ = {
			isa = PBXNativeTarget;
			buildConfigurationList = AF5E24A51893F9D1001AB7B2 /* Build configuration list for PBXNativeTarget "QueueyOne" */;
			buildPhases = (
				AF5E24841893F9D0001AB7B2 /* Sources */,
				AF5E24851893F9D0001AB7B2 /* Frameworks */,
				AF5E24861893F9D0001AB7B2 /* Headers */,
				AF5E24871893F9D0001AB7B2 /* ShellScript */,
			);
			buildRules = (
			);
			dependencies = (
			);
			name = QueueyOne;
			productName = QueueyOne;
			productReference = AF5E24891893F9D0001AB7B2 /* QueueyOne.dylib */;
			productType = "com.apple.product-type.library.dynamic";
		};
/* End PBXNativeTarget section */

/* Begin PBXProject section */
		AF5E24801893F9D0001AB7B2 /* Project object */ = {
			isa = PBXProject;
			attributes = {
				LastUpgradeCheck = 0500;
			};
			buildConfigurationList = AF5E24831893F9D0001AB7B2 /* Build configuration list for PBXProject "QueueyOne" */;
			compatibilityVersion = "Xcode 3.2";
			developmentRegion = English;
			hasScannedForEncodings = 0;
			knownRegions = (
				en,
			);
			mainGroup = AF5E247F1893F9D0001AB7B2;
			productRefGroup = AF5E248A1893F9D0001AB7B2 /* Products */;
			projectDirPath = "";
			projectRoot = "";
			targets = (
				AF5E24881893F9D0001AB7B2 /* QueueyOne */,
			);
		};
/* End PBXProject section */

/* Begin PBXShellScriptBuildPhase section */
		AF5E24871893F9D0001AB7B2 /* ShellScript */ = {
			isa = PBXShellScriptBuildPhase;
			buildActionMask = 2147483647;
			files = (
			);
			inputPaths = (
			);
			outputPaths = (
			);
			runOnlyForDeploymentPostprocessing = 0;
			shellPath = /bin/sh;
			shellScript = "/opt/iOSOpenDev/bin/iosod --xcbp";
		};
/* End PBXShellScriptBuildPhase section */

/* Begin PBXSourcesBuildPhase section */
		AF5E24841893F9D0001AB7B2 /* Sources */ = {
			isa = PBXSourcesBuildPhase;
			buildActionMask = 2147483647;
			files = (
				AF5E24981893F9D0001AB7B2 /* QueueyOne.m in Sources */,
			);
			runOnlyForDeploymentPostprocessing = 0;
		};
/* End PBXSourcesBuildPhase section */

/* Begin XCBuildConfiguration section */
		AF5E24A31893F9D1001AB7B2 /* Debug */ = {
			isa = XCBuildConfiguration;
			buildSettings = {
				ARCHS = "$(ARCHS_STANDARD_INCLUDING_64_BIT)";
				CLANG_ENABLE_MODULES = YES;
				COPY_PHASE_STRIP = NO;
				EXCLUDED_RECURSIVE_SEARCH_PATH_SUBDIRECTORIES = "*.nib *.lproj *.gch (*) .DS_Store CVS .svn .git .hg *.xcodeproj *.xcode *.pbproj *.pbxproj";
				FRAMEWORK_SEARCH_PATHS = (
					"$(iOSOpenDevPath)/frameworks/**",
					"$(SDKROOT)/System/Library/PrivateFrameworks",
				);
				GCC_C_LANGUAGE_STANDARD = gnu99;
				GCC_DYNAMIC_NO_PIC = NO;
				GCC_OPTIMIZATION_LEVEL = 0;
				GCC_PREPROCESSOR_DEFINITIONS = (
					"DEBUG=1",
					"$(inherited)",
				);
				GCC_SYMBOLS_PRIVATE_EXTERN = NO;
				GCC_WARN_ABOUT_MISSING_PROTOTYPES = YES;
				GCC_WARN_ABOUT_RETURN_TYPE = YES;
				GCC_WARN_UNUSED_VARIABLE = YES;
				HEADER_SEARCH_PATHS = "$(iOSOpenDevPath)/include/**";
				IPHONEOS_DEPLOYMENT_TARGET = 7.0;
				LIBRARY_SEARCH_PATHS = "$(iOSOpenDevPath)/lib/**";
				ONLY_ACTIVE_ARCH = YES;
				SDKROOT = iphoneos;
				TARGETED_DEVICE_FAMILY = "1,2";
				VALIDATE_PRODUCT = NO;
				iOSOpenDevPath = /opt/iOSOpenDev;
			};
			name = Debug;
		};
		AF5E24A41893F9D1001AB7B2 /* Release */ = {
			isa = XCBuildConfiguration;
			buildSettings = {
				ARCHS = "$(ARCHS_STANDARD_INCLUDING_64_BIT)";
				CLANG_ENABLE_MODULES = YES;
				COPY_PHASE_STRIP = YES;
				EXCLUDED_RECURSIVE_SEARCH_PATH_SUBDIRECTORIES = "*.nib *.lproj *.gch (*) .DS_Store CVS .svn .git .hg *.xcodeproj *.xcode *.pbproj *.pbxproj";
				FRAMEWORK_SEARCH_PATHS = (
					"$(iOSOpenDevPath)/frameworks/**",
					"$(SDKROOT)/System/Library/PrivateFrameworks",
				);
				GCC_C_LANGUAGE_STANDARD = gnu99;
				GCC_WARN_ABOUT_MISSING_PROTOTYPES = YES;
				GCC_WARN_ABOUT_RETURN_TYPE = YES;
				GCC_WARN_UNUSED_VARIABLE = YES;
				HEADER_SEARCH_PATHS = "$(iOSOpenDevPath)/include/**";
				IPHONEOS_DEPLOYMENT_TARGET = 7.0;
				LIBRARY_SEARCH_PATHS = "$(iOSOpenDevPath)/lib/**";
				SDKROOT = iphoneos;
				TARGETED_DEVICE_FAMILY = "1,2";
				VALIDATE_PRODUCT = YES;
				iOSOpenDevPath = /opt/iOSOpenDev;
			};
			name = Release;
		};
		AF5E24A61893F9D1001AB7B2 /* Debug */ = {
			isa = XCBuildConfiguration;
			buildSettings = {
				CODE_SIGN_IDENTITY = "";
				DYLIB_COMPATIBILITY_VERSION = 1;
				DYLIB_CURRENT_VERSION = 1;
				INSTALL_PATH = /Library/MobileSubstrate/DynamicLibraries;
				LIBRARY_SEARCH_PATHS = (
					"$(inherited)",
					/opt/iOSOpenDev/lib,
				);
				PRODUCT_NAME = "$(TARGET_NAME)";
				iOSOpenDevBuildPackageOnAnyBuild = NO;
				iOSOpenDevCopyOnBuild = NO;
				iOSOpenDevDevice = localhost;
				iOSOpenDevInstallOnAnyBuild = NO;
				iOSOpenDevInstallOnProfiling = YES;
				iOSOpenDevRespringOnInstall = YES;
				iOSOpenDevUsePackageVersionPList = YES;
			};
			name = Debug;
		};
		AF5E24A71893F9D1001AB7B2 /* Release */ = {
			isa = XCBuildConfiguration;
			buildSettings = {
				CODE_SIGN_IDENTITY = "";
				DYLIB_COMPATIBILITY_VERSION = 1;
				DYLIB_CURRENT_VERSION = 1;
				INSTALL_PATH = /Library/MobileSubstrate/DynamicLibraries;
				LIBRARY_SEARCH_PATHS = (
					"$(inherited)",
					/opt/iOSOpenDev/lib,
				);
				PRODUCT_NAME = "$(TARGET_NAME)";
				iOSOpenDevBuildPackageOnAnyBuild = NO;
				iOSOpenDevCopyOnBuild = NO;
				iOSOpenDevDevice = localhost;
				iOSOpenDevInstallOnAnyBuild = NO;
				iOSOpenDevInstallOnProfiling = YES;
				iOSOpenDevRespringOnInstall = YES;
				iOSOpenDevUsePackageVersionPList = YES;
			};
			name = Release;
		};
/* End XCBuildConfiguration section */

/* Begin XCConfigurationList section */
		AF5E24831893F9D0001AB7B2 /* Build configuration list for PBXProject "QueueyOne" */ = {
			isa = XCConfigurationList;
			buildConfigurations = (
				AF5E24A31893F9D1001AB7B2 /* Debug */,
				AF5E24A41893F9D1001AB7B2 /* Release */,
			);
			defaultConfigurationIsVisible = 0;
			defaultConfigurationName = Release;
		};
		AF5E24A51893F9D1001AB7B2 /* Build configuration list for PBXNativeTarget "QueueyOne" */ = {
			isa = XCConfigurationList;
			buildConfigurations = (
				AF5E24A61893F9D1001AB7B2 /* Debug */,
				AF5E24A71893F9D1001AB7B2 /* Release */,
			);
			defaultConfigurationIsVisible = 0;
		};
/* End XCConfigurationList section */
	};
	rootObject = AF5E24801893F9D0001AB7B2 /* Project object */;
}
